
Microsoft Visual Studio Solution File, Format Version 12.00
Project("{FAE04EC0-301F-11D3-BF4B-00C04F79EFBC}") = "SmartHome.SDK.Fibaro", "SmartHome.SDK.Fibaro.csproj", "{FB387218-4F70-4023-9F73-61B7D5D29385}"
EndProject
Project("{FAE04EC0-301F-11D3-BF4B-00C04F79EFBC}") = "SmartHome.SDK.Fibaro.Tests", "tests\SmartHome.SDK.Fibaro.Tests\SmartHome.SDK.Fibaro.Tests.csproj", "{B6E61F37-938F-4BBC-8DB5-6C46B9BFA3E2}"
EndProject
Global
	GlobalSection(SolutionConfigurationPlatforms) = preSolution
		Debug|Any CPU = Debug|Any CPU
		Release|Any CPU = Release|Any CPU
	EndGlobalSection
	GlobalSection(ProjectConfigurationPlatforms) = postSolution
		{FB387218-4F70-4023-9F73-61B7D5D29385}.Debug|Any CPU.ActiveCfg = Debug|Any CPU
		{FB387218-4F70-4023-9F73-61B7D5D29385}.Debug|Any CPU.Build.0 = Debug|Any CPU
		{FB387218-4F70-4023-9F73-61B7D5D29385}.Release|Any CPU.ActiveCfg = Release|Any CPU
		{FB387218-4F70-4023-9F73-61B7D5D29385}.Release|Any CPU.Build.0 = Release|Any CPU
		{B6E61F37-938F-4BBC-8DB5-6C46B9BFA3E2}.Debug|Any CPU.ActiveCfg = Debug|Any CPU
		{B6E61F37-938F-4BBC-8DB5-6C46B9BFA3E2}.Debug|Any CPU.Build.0 = Debug|Any CPU
		{B6E61F37-938F-4BBC-8DB5-6C46B9BFA3E2}.Release|Any CPU.ActiveCfg = Release|Any CPU
		{B6E61F37-938F-4BBC-8DB5-6C46B9BFA3E2}.Release|Any CPU.Build.0 = Release|Any CPU
	EndGlobalSection
EndGlobal
